
Microsoft Visual Studio Solution File, Format Version 12.00
# Visual Studio Version 17
VisualStudioVersion = 17.2.32519.379
MinimumVisualStudioVersion = 10.0.40219.1
Project("{FAE04EC0-301F-11D3-BF4B-00C04F79EFBC}") = "PlodZelenchuk", "PlodZelenchuk\PlodZelenchuk.csproj", "{B80374D7-3425-4922-B912-DD6514F9EA9C}"
EndProject
Global
	GlobalSection(SolutionConfigurationPlatforms) = preSolution
		Debug|Any CPU = Debug|Any CPU
		Release|Any CPU = Release|Any CPU
	EndGlobalSection
	GlobalSection(ProjectConfigurationPlatforms) = postSolution
		{B80374D7-3425-4922-B912-DD6514F9EA9C}.Debug|Any CPU.ActiveCfg = Debug|Any CPU
		{B80374D7-3425-4922-B912-DD6514F9EA9C}.Debug|Any CPU.Build.0 = Debug|Any CPU
		{B80374D7-3425-4922-B912-DD6514F9EA9C}.Release|Any CPU.ActiveCfg = Release|Any CPU
		{B80374D7-3425-4922-B912-DD6514F9EA9C}.Release|Any CPU.Build.0 = Release|Any CPU
	EndGlobalSection
	GlobalSection(SolutionProperties) = preSolution
		HideSolutionNode = FALSE
	EndGlobalSection
	GlobalSection(ExtensibilityGlobals) = postSolution
		SolutionGuid = {0DAB531C-B864-4C83-9515-C97248737A4C}
	EndGlobalSection
EndGlobal
